// !$*UTF8*$!
{
	archiveVersion = 1;
	classes = {
	};
	objectVersion = 46;
	objects = {

/* Begin PBXBuildFile section */
		F00C01D41B16F74600AB0D06 /* AppDelegate.m in Sources */ = {isa = PBXBuildFile; fileRef = F00C01D11B16F74600AB0D06 /* AppDelegate.m */; };
		F00C01D51B16F74600AB0D06 /* Info.plist in Resources */ = {isa = PBXBuildFile; fileRef = F00C01D21B16F74600AB0D06 /* Info.plist */; };
		F00C01D61B16F74600AB0D06 /* main.m in Sources */ = {isa = PBXBuildFile; fileRef = F00C01D31B16F74600AB0D06 /* main.m */; };
		F0E432D01B1613550036DEB0 /* TenbyTests.m in Sources */ = {isa = PBXBuildFile; fileRef = F0E432CF1B1613550036DEB0 /* TenbyTests.m */; };
		F0E432E51B1614800036DEB0 /* Tenby.m in Sources */ = {isa = PBXBuildFile; fileRef = F0E432E41B1614800036DEB0 /* Tenby.m */; };
		F0E432E61B161ED10036DEB0 /* Tenby.m in Sources */ = {isa = PBXBuildFile; fileRef = F0E432E41B1614800036DEB0 /* Tenby.m */; };
/* End PBXBuildFile section */

/* Begin PBXContainerItemProxy section */
		F0E432CA1B1613550036DEB0 /* PBXContainerItemProxy */ = {
			isa = PBXContainerItemProxy;
			containerPortal = F0E432A81B1613550036DEB0 /* Project object */;
			proxyType = 1;
			remoteGlobalIDString = F0E432AF1B1613550036DEB0;
			remoteInfo = Tenby;
		};
/* End PBXContainerItemProxy section */

/* Begin PBXFileReference section */
		F00C01D01B16F74600AB0D06 /* AppDelegate.h */ = {isa = PBXFileReference; fileEncoding = 4; lastKnownFileType = sourcecode.c.h; name = AppDelegate.h; path = Example/AppDelegate.h; sourceTree = "<group>"; };
		F00C01D11B16F74600AB0D06 /* AppDelegate.m */ = {isa = PBXFileReference; fileEncoding = 4; lastKnownFileType = sourcecode.c.objc; name = AppDelegate.m; path = Example/AppDelegate.m; sourceTree = "<group>"; };
		F00C01D21B16F74600AB0D06 /* Info.plist */ = {isa = PBXFileReference; fileEncoding = 4; lastKnownFileType = text.plist.xml; name = Info.plist; path = Example/Info.plist; sourceTree = "<group>"; };
		F00C01D31B16F74600AB0D06 /* main.m */ = {isa = PBXFileReference; fileEncoding = 4; lastKnownFileType = sourcecode.c.objc; name = main.m; path = Example/main.m; sourceTree = "<group>"; };
		F0E432B01B1613550036DEB0 /* Tenby.app */ = {isa = PBXFileReference; explicitFileType = wrapper.application; includeInIndex = 0; path = Tenby.app; sourceTree = BUILT_PRODUCTS_DIR; };
		F0E432C91B1613550036DEB0 /* TenbyTests.xctest */ = {isa = PBXFileReference; explicitFileType = wrapper.cfbundle; includeInIndex = 0; path = TenbyTests.xctest; sourceTree = BUILT_PRODUCTS_DIR; };
		F0E432CE1B1613550036DEB0 /* Info.plist */ = {isa = PBXFileReference; lastKnownFileType = text.plist.xml; path = Info.plist; sourceTree = "<group>"; };
		F0E432CF1B1613550036DEB0 /* TenbyTests.m */ = {isa = PBXFileReference; lastKnownFileType = sourcecode.c.objc; path = TenbyTests.m; sourceTree = "<group>"; };
		F0E432E31B1614800036DEB0 /* Tenby.h */ = {isa = PBXFileReference; fileEncoding = 4; lastKnownFileType = sourcecode.c.h; name = Tenby.h; path = Tenby/Tenby.h; sourceTree = "<group>"; };
		F0E432E41B1614800036DEB0 /* Tenby.m */ = {isa = PBXFileReference; fileEncoding = 4; lastKnownFileType = sourcecode.c.objc; name = Tenby.m; path = Tenby/Tenby.m; sourceTree = "<group>"; usesTabs = 0; };
/* End PBXFileReference section */

/* Begin PBXFrameworksBuildPhase section */
		F0E432AD1B1613550036DEB0 /* Frameworks */ = {
			isa = PBXFrameworksBuildPhase;
			buildActionMask = 2147483647;
			files = (
			);
			runOnlyForDeploymentPostprocessing = 0;
		};
		F0E432C61B1613550036DEB0 /* Frameworks */ = {
			isa = PBXFrameworksBuildPhase;
			buildActionMask = 2147483647;
			files = (
			);
			runOnlyForDeploymentPostprocessing = 0;
		};
/* End PBXFrameworksBuildPhase section */

/* Begin PBXGroup section */
		F00C01D71B16F74A00AB0D06 /* App - Not used. */ = {
			isa = PBXGroup;
			children = (
				F00C01D01B16F74600AB0D06 /* AppDelegate.h */,
				F00C01D11B16F74600AB0D06 /* AppDelegate.m */,
				F00C01D21B16F74600AB0D06 /* Info.plist */,
				F00C01D31B16F74600AB0D06 /* main.m */,
			);
			name = "App - Not used.";
			sourceTree = "<group>";
		};
		F0E432A71B1613550036DEB0 = {
			isa = PBXGroup;
			children = (
				F00C01D71B16F74A00AB0D06 /* App - Not used. */,
				F0E432E21B16146A0036DEB0 /* Tenby */,
				F0E432CC1B1613550036DEB0 /* TenbyTests */,
				F0E432B11B1613550036DEB0 /* Products */,
			);
			sourceTree = "<group>";
		};
		F0E432B11B1613550036DEB0 /* Products */ = {
			isa = PBXGroup;
			children = (
				F0E432B01B1613550036DEB0 /* Tenby.app */,
				F0E432C91B1613550036DEB0 /* TenbyTests.xctest */,
			);
			name = Products;
			sourceTree = "<group>";
		};
		F0E432CC1B1613550036DEB0 /* TenbyTests */ = {
			isa = PBXGroup;
			children = (
				F0E432CF1B1613550036DEB0 /* TenbyTests.m */,
				F0E432CD1B1613550036DEB0 /* Supporting Files */,
			);
			path = TenbyTests;
			sourceTree = "<group>";
		};
		F0E432CD1B1613550036DEB0 /* Supporting Files */ = {
			isa = PBXGroup;
			children = (
				F0E432CE1B1613550036DEB0 /* Info.plist */,
			);
			name = "Supporting Files";
			sourceTree = "<group>";
		};
		F0E432E21B16146A0036DEB0 /* Tenby */ = {
			isa = PBXGroup;
			children = (
				F0E432E31B1614800036DEB0 /* Tenby.h */,
				F0E432E41B1614800036DEB0 /* Tenby.m */,
			);
			name = Tenby;
			sourceTree = "<group>";
		};
/* End PBXGroup section */

/* Begin PBXNativeTarget section */
		F0E432AF1B1613550036DEB0 /* Tenby */ = {
			isa = PBXNativeTarget;
			buildConfigurationList = F0E432D31B1613550036DEB0 /* Build configuration list for PBXNativeTarget "Tenby" */;
			buildPhases = (
				F0E432AC1B1613550036DEB0 /* Sources */,
				F0E432AD1B1613550036DEB0 /* Frameworks */,
				F0E432AE1B1613550036DEB0 /* Resources */,
			);
			buildRules = (
			);
			dependencies = (
			);
			name = Tenby;
			productName = Tenby;
			productReference = F0E432B01B1613550036DEB0 /* Tenby.app */;
			productType = "com.apple.product-type.application";
		};
		F0E432C81B1613550036DEB0 /* TenbyTests */ = {
			isa = PBXNativeTarget;
			buildConfigurationList = F0E432D61B1613550036DEB0 /* Build configuration list for PBXNativeTarget "TenbyTests" */;
			buildPhases = (
				F0E432C51B1613550036DEB0 /* Sources */,
				F0E432C61B1613550036DEB0 /* Frameworks */,
				F0E432C71B1613550036DEB0 /* Resources */,
			);
			buildRules = (
			);
			dependencies = (
				F0E432CB1B1613550036DEB0 /* PBXTargetDependency */,
			);
			name = TenbyTests;
			productName = TenbyTests;
			productReference = F0E432C91B1613550036DEB0 /* TenbyTests.xctest */;
			productType = "com.apple.product-type.bundle.unit-test";
		};
/* End PBXNativeTarget section */

/* Begin PBXProject section */
		F0E432A81B1613550036DEB0 /* Project object */ = {
			isa = PBXProject;
			attributes = {
				LastUpgradeCheck = 0630;
				ORGANIZATIONNAME = "Dezine Zync Studios LLP.";
				TargetAttributes = {
					F0E432AF1B1613550036DEB0 = {
						CreatedOnToolsVersion = 6.3;
					};
					F0E432C81B1613550036DEB0 = {
						CreatedOnToolsVersion = 6.3;
						TestTargetID = F0E432AF1B1613550036DEB0;
					};
				};
			};
			buildConfigurationList = F0E432AB1B1613550036DEB0 /* Build configuration list for PBXProject "Tenby" */;
			compatibilityVersion = "Xcode 3.2";
			developmentRegion = English;
			hasScannedForEncodings = 0;
			knownRegions = (
				en,
				Base,
			);
			mainGroup = F0E432A71B1613550036DEB0;
			productRefGroup = F0E432B11B1613550036DEB0 /* Products */;
			projectDirPath = "";
			projectRoot = "";
			targets = (
				F0E432AF1B1613550036DEB0 /* Tenby */,
				F0E432C81B1613550036DEB0 /* TenbyTests */,
			);
		};
/* End PBXProject section */

/* Begin PBXResourcesBuildPhase section */
		F0E432AE1B1613550036DEB0 /* Resources */ = {
			isa = PBXResourcesBuildPhase;
			buildActionMask = 2147483647;
			files = (
				F00C01D51B16F74600AB0D06 /* Info.plist in Resources */,
			);
			runOnlyForDeploymentPostprocessing = 0;
		};
		F0E432C71B1613550036DEB0 /* Resources */ = {
			isa = PBXResourcesBuildPhase;
			buildActionMask = 2147483647;
			files = (
			);
			runOnlyForDeploymentPostprocessing = 0;
		};
/* End PBXResourcesBuildPhase section */

/* Begin PBXSourcesBuildPhase section */
		F0E432AC1B1613550036DEB0 /* Sources */ = {
			isa = PBXSourcesBuildPhase;
			buildActionMask = 2147483647;
			files = (
				F00C01D41B16F74600AB0D06 /* AppDelegate.m in Sources */,
				F00C01D61B16F74600AB0D06 /* main.m in Sources */,
				F0E432E51B1614800036DEB0 /* Tenby.m in Sources */,
			);
			runOnlyForDeploymentPostprocessing = 0;
		};
		F0E432C51B1613550036DEB0 /* Sources */ = {
			isa = PBXSourcesBuildPhase;
			buildActionMask = 2147483647;
			files = (
				F0E432E61B161ED10036DEB0 /* Tenby.m in Sources */,
				F0E432D01B1613550036DEB0 /* TenbyTests.m in Sources */,
			);
			runOnlyForDeploymentPostprocessing = 0;
		};
/* End PBXSourcesBuildPhase section */

/* Begin PBXTargetDependency section */
		F0E432CB1B1613550036DEB0 /* PBXTargetDependency */ = {
			isa = PBXTargetDependency;
			target = F0E432AF1B1613550036DEB0 /* Tenby */;
			targetProxy = F0E432CA1B1613550036DEB0 /* PBXContainerItemProxy */;
		};
/* End PBXTargetDependency section */

/* Begin XCBuildConfiguration section */
		F0E432D11B1613550036DEB0 /* Debug */ = {
			isa = XCBuildConfiguration;
			buildSettings = {
				ALWAYS_SEARCH_USER_PATHS = NO;
				CLANG_CXX_LANGUAGE_STANDARD = "gnu++0x";
				CLANG_CXX_LIBRARY = "libc++";
				CLANG_ENABLE_MODULES = YES;
				CLANG_ENABLE_OBJC_ARC = YES;
				CLANG_WARN_BOOL_CONVERSION = YES;
				CLANG_WARN_CONSTANT_CONVERSION = YES;
				CLANG_WARN_DIRECT_OBJC_ISA_USAGE = YES_ERROR;
				CLANG_WARN_EMPTY_BODY = YES;
				CLANG_WARN_ENUM_CONVERSION = YES;
				CLANG_WARN_INT_CONVERSION = YES;
				CLANG_WARN_OBJC_ROOT_CLASS = YES_ERROR;
				CLANG_WARN_UNREACHABLE_CODE = YES;
				CLANG_WARN__DUPLICATE_METHOD_MATCH = YES;
				"CODE_SIGN_IDENTITY[sdk=iphoneos*]" = "iPhone Developer";
				COPY_PHASE_STRIP = NO;
				DEBUG_INFORMATION_FORMAT = "dwarf-with-dsym";
				ENABLE_STRICT_OBJC_MSGSEND = YES;
				GCC_C_LANGUAGE_STANDARD = gnu99;
				GCC_DYNAMIC_NO_PIC = NO;
				GCC_NO_COMMON_BLOCKS = YES;
				GCC_OPTIMIZATION_LEVEL = 0;
				GCC_PREPROCESSOR_DEFINITIONS = (
					"DEBUG=1",
					"$(inherited)",
				);
				GCC_SYMBOLS_PRIVATE_EXTERN = NO;
				GCC_WARN_64_TO_32_BIT_CONVERSION = YES;
				GCC_WARN_ABOUT_RETURN_TYPE = YES_ERROR;
				GCC_WARN_UNDECLARED_SELECTOR = YES;
				GCC_WARN_UNINITIALIZED_AUTOS = YES_AGGRESSIVE;
				GCC_WARN_UNUSED_FUNCTION = YES;
				GCC_WARN_UNUSED_VARIABLE = YES;
				IPHONEOS_DEPLOYMENT_TARGET = 8.3;
				MTL_ENABLE_DEBUG_INFO = YES;
				ONLY_ACTIVE_ARCH = YES;
				SDKROOT = iphoneos;
				TARGETED_DEVICE_FAMILY = "1,2";
			};
			name = Debug;
		};
		F0E432D21B1613550036DEB0 /* Release */ = {
			isa = XCBuildConfiguration;
			buildSettings = {
				ALWAYS_SEARCH_USER_PATHS = NO;
				CLANG_CXX_LANGUAGE_STANDARD = "gnu++0x";
				CLANG_CXX_LIBRARY = "libc++";
				CLANG_ENABLE_MODULES = YES;
				CLANG_ENABLE_OBJC_ARC = YES;
				CLANG_WARN_BOOL_CONVERSION = YES;
				CLANG_WARN_CONSTANT_CONVERSION = YES;
				CLANG_WARN_DIRECT_OBJC_ISA_USAGE = YES_ERROR;
				CLANG_WARN_EMPTY_BODY = YES;
				CLANG_WARN_ENUM_CONVERSION = YES;
				CLANG_WARN_INT_CONVERSION = YES;
				CLANG_WARN_OBJC_ROOT_CLASS = YES_ERROR;
				CLANG_WARN_UNREACHABLE_CODE = YES;
				CLANG_WARN__DUPLICATE_METHOD_MATCH = YES;
				"CODE_SIGN_IDENTITY[sdk=iphoneos*]" = "iPhone Developer";
				COPY_PHASE_STRIP = NO;
				DEBUG_INFORMATION_FORMAT = "dwarf-with-dsym";
				ENABLE_NS_ASSERTIONS = NO;
				ENABLE_STRICT_OBJC_MSGSEND = YES;
				GCC_C_LANGUAGE_STANDARD = gnu99;
				GCC_NO_COMMON_BLOCKS = YES;
				GCC_WARN_64_TO_32_BIT_CONVERSION = YES;
				GCC_WARN_ABOUT_RETURN_TYPE = YES_ERROR;
				GCC_WARN_UNDECLARED_SELECTOR = YES;
				GCC_WARN_UNINITIALIZED_AUTOS = YES_AGGRESSIVE;
				GCC_WARN_UNUSED_FUNCTION = YES;
				GCC_WARN_UNUSED_VARIABLE = YES;
				IPHONEOS_DEPLOYMENT_TARGET = 8.3;
				MTL_ENABLE_DEBUG_INFO = NO;
				SDKROOT = iphoneos;
				TARGETED_DEVICE_FAMILY = "1,2";
				VALIDATE_PRODUCT = YES;
			};
			name = Release;
		};
		F0E432D41B1613550036DEB0 /* Debug */ = {
			isa = XCBuildConfiguration;
			buildSettings = {
				ASSETCATALOG_COMPILER_APPICON_NAME = AppIcon;
				INFOPLIST_FILE = "$(SRCROOT)/Example/Info.plist";
				IPHONEOS_DEPLOYMENT_TARGET = 8.0;
				LD_RUNPATH_SEARCH_PATHS = "$(inherited) @executable_path/Frameworks";
				PRODUCT_NAME = "$(TARGET_NAME)";
			};
			name = Debug;
		};
		F0E432D51B1613550036DEB0 /* Release */ = {
			isa = XCBuildConfiguration;
			buildSettings = {
				ASSETCATALOG_COMPILER_APPICON_NAME = AppIcon;
				INFOPLIST_FILE = "$(SRCROOT)/Example/Info.plist";
				IPHONEOS_DEPLOYMENT_TARGET = 8.0;
				LD_RUNPATH_SEARCH_PATHS = "$(inherited) @executable_path/Frameworks";
				PRODUCT_NAME = "$(TARGET_NAME)";
			};
			name = Release;
		};
		F0E432D71B1613550036DEB0 /* Debug */ = {
			isa = XCBuildConfiguration;
			buildSettings = {
				BUNDLE_LOADER = "$(TEST_HOST)";
				FRAMEWORK_SEARCH_PATHS = (
					"$(SDKROOT)/Developer/Library/Frameworks",
					"$(inherited)",
				);
				GCC_PREPROCESSOR_DEFINITIONS = (
					"DEBUG=1",
					"$(inherited)",
				);
				INFOPLIST_FILE = TenbyTests/Info.plist;
				LD_RUNPATH_SEARCH_PATHS = "$(inherited) @executable_path/Frameworks @loader_path/Frameworks";
				PRODUCT_NAME = "$(TARGET_NAME)";
				TEST_HOST = "$(BUILT_PRODUCTS_DIR)/Tenby.app/Tenby";
			};
			name = Debug;
		};
		F0E432D81B1613550036DEB0 /* Release */ = {
			isa = XCBuildConfiguration;
			buildSettings = {
				BUNDLE_LOADER = "$(TEST_HOST)";
				FRAMEWORK_SEARCH_PATHS = (
					"$(SDKROOT)/Developer/Library/Frameworks",
					"$(inherited)",
				);
				INFOPLIST_FILE = TenbyTests/Info.plist;
				LD_RUNPATH_SEARCH_PATHS = "$(inherited) @executable_path/Frameworks @loader_path/Frameworks";
				PRODUCT_NAME = "$(TARGET_NAME)";
				TEST_HOST = "$(BUILT_PRODUCTS_DIR)/Tenby.app/Tenby";
			};
			name = Release;
		};
/* End XCBuildConfiguration section */

/* Begin XCConfigurationList section */
		F0E432AB1B1613550036DEB0 /* Build configuration list for PBXProject "Tenby" */ = {
			isa = XCConfigurationList;
			buildConfigurations = (
				F0E432D11B1613550036DEB0 /* Debug */,
				F0E432D21B1613550036DEB0 /* Release */,
			);
			defaultConfigurationIsVisible = 0;
			defaultConfigurationName = Release;
		};
		F0E432D31B1613550036DEB0 /* Build configuration list for PBXNativeTarget "Tenby" */ = {
			isa = XCConfigurationList;
			buildConfigurations = (
				F0E432D41B1613550036DEB0 /* Debug */,
				F0E432D51B1613550036DEB0 /* Release */,
			);
			defaultConfigurationIsVisible = 0;
			defaultConfigurationName = Release;
		};
		F0E432D61B1613550036DEB0 /* Build configuration list for PBXNativeTarget "TenbyTests" */ = {
			isa = XCConfigurationList;
			buildConfigurations = (
				F0E432D71B1613550036DEB0 /* Debug */,
				F0E432D81B1613550036DEB0 /* Release */,
			);
			defaultConfigurationIsVisible = 0;
			defaultConfigurationName = Release;
		};
/* End XCConfigurationList section */
	};
	rootObject = F0E432A81B1613550036DEB0 /* Project object */;
}
